
Microsoft Visual Studio Solution File, Format Version 12.00
# Visual Studio Version 17
VisualStudioVersion = 17.6.33815.320
MinimumVisualStudioVersion = 10.0.40219.1
Project("{FAE04EC0-301F-11D3-BF4B-00C04F79EFBC}") = "BasicWebAPI", "BasicWebAPI\BasicWebAPI.csproj", "{DD0746BE-6C5E-43E3-85DF-177DF1688262}"
EndProject
Global
	GlobalSection(SolutionConfigurationPlatforms) = preSolution
		Debug|Any CPU = Debug|Any CPU
		Release|Any CPU = Release|Any CPU
	EndGlobalSection
	GlobalSection(ProjectConfigurationPlatforms) = postSolution
		{DD0746BE-6C5E-43E3-85DF-177DF1688262}.Debug|Any CPU.ActiveCfg = Debug|Any CPU
		{DD0746BE-6C5E-43E3-85DF-177DF1688262}.Debug|Any CPU.Build.0 = Debug|Any CPU
		{DD0746BE-6C5E-43E3-85DF-177DF1688262}.Release|Any CPU.ActiveCfg = Release|Any CPU
		{DD0746BE-6C5E-43E3-85DF-177DF1688262}.Release|Any CPU.Build.0 = Release|Any CPU
	EndGlobalSection
	GlobalSection(SolutionProperties) = preSolution
		HideSolutionNode = FALSE
	EndGlobalSection
	GlobalSection(ExtensibilityGlobals) = postSolution
		SolutionGuid = {89DD34BB-932C-4BC7-861D-3A079DC4F29B}
	EndGlobalSection
EndGlobal
